
Microsoft Visual Studio Solution File, Format Version 12.00
# Visual Studio Version 16
VisualStudioVersion = 16.0.31402.337
MinimumVisualStudioVersion = 10.0.40219.1
Project("{FAE04EC0-301F-11D3-BF4B-00C04F79EFBC}") = "PorcentagemCalculo", "PorcentagemCalculo\PorcentagemCalculo.csproj", "{10F6BE55-45F5-4852-91A9-8E9F5EDEDEBF}"
EndProject
Global
	GlobalSection(SolutionConfigurationPlatforms) = preSolution
		Debug|Any CPU = Debug|Any CPU
		Release|Any CPU = Release|Any CPU
	EndGlobalSection
	GlobalSection(ProjectConfigurationPlatforms) = postSolution
		{10F6BE55-45F5-4852-91A9-8E9F5EDEDEBF}.Debug|Any CPU.ActiveCfg = Debug|Any CPU
		{10F6BE55-45F5-4852-91A9-8E9F5EDEDEBF}.Debug|Any CPU.Build.0 = Debug|Any CPU
		{10F6BE55-45F5-4852-91A9-8E9F5EDEDEBF}.Release|Any CPU.ActiveCfg = Release|Any CPU
		{10F6BE55-45F5-4852-91A9-8E9F5EDEDEBF}.Release|Any CPU.Build.0 = Release|Any CPU
	EndGlobalSection
	GlobalSection(SolutionProperties) = preSolution
		HideSolutionNode = FALSE
	EndGlobalSection
	GlobalSection(ExtensibilityGlobals) = postSolution
		SolutionGuid = {4C778A49-A28F-4FA1-A412-D83B1BE04DCD}
	EndGlobalSection
EndGlobal
